# This file was autogenerated by Stack.
# You should not edit this file by hand.
# For more information, please see the documentation at:
#   https://docs.haskellstack.org/en/stable/lock_files

packages:
- completed:
    hackage: hoppy-runtime-0.8.0@sha256:c6707ae20f21a1392f42c38ad45b0c1188de08fcda98883c6815088d622b17f1,1146
    pantry-tree:
      size: 297
      sha256: 0f5b781a66580bc223e82f3e9d914855bd8d112892660048e951756b498c1d72
  original:
    hackage: hoppy-runtime-0.8.0@sha256:c6707ae20f21a1392f42c38ad45b0c1188de08fcda98883c6815088d622b17f1,1146
- completed:
    hackage: hoppy-std-0.8.0@sha256:aff7bb6744d1b1366d0672db3722fc7b8f80f478293d100091867c6b19050ec8,1540
    pantry-tree:
      size: 1567
      sha256: cb6e6f4a465fe1bd813f8a846b6f9eb62e4711f600fdfc394f1a66d4f09af98a
  original:
    hackage: hoppy-std-0.8.0@sha256:aff7bb6744d1b1366d0672db3722fc7b8f80f478293d100091867c6b19050ec8,1540
- completed:
    hackage: qtah-qt5-0.8.0@sha256:49dc0fcfa5996378fd7f04edf051880ce6b63205dd49ae4125d44101e922ddc9,25961
    pantry-tree:
      size: 51507
      sha256: 2bd684b751f9d3f526ee01430a5238d4a36e93bb53f51f61c572874daa512b64
  original:
    hackage: qtah-qt5-0.8.0@sha256:49dc0fcfa5996378fd7f04edf051880ce6b63205dd49ae4125d44101e922ddc9,25961
- completed:
    hackage: qtah-generator-0.8.0@sha256:389a5d5511b323d067709bbc6eabe8d70a34c3f6b352cd714ffcf370b7b3ba25,16278
    pantry-tree:
      size: 28229
      sha256: a37249a9ca084c910618a2c9151beeb5e989668556fef081720c6104f3f177d1
  original:
    hackage: qtah-generator-0.8.0@sha256:389a5d5511b323d067709bbc6eabe8d70a34c3f6b352cd714ffcf370b7b3ba25,16278
- completed:
    hackage: hoppy-generator-0.8.0@sha256:0bde228c625e307f836adf2be71e34e8bf74fc7658b19f8a04901fc81a482e2a,2178
    pantry-tree:
      size: 2776
      sha256: 9babba949e717c0487dc8f3599b200d671455b9dc0f6d8f1e0998e833114ddee
  original:
    hackage: hoppy-generator-0.8.0@sha256:0bde228c625e307f836adf2be71e34e8bf74fc7658b19f8a04901fc81a482e2a,2178
- completed:
    hackage: qtah-cpp-qt5-0.8.0@sha256:bde73d4ebf7f118127fa1b775fb087873e6d74623dd9a004e868f87e666806f9,1519
    pantry-tree:
      size: 1805
      sha256: 6ef5f138b01a739a3fb3a2b6c81a76c4b167ddfa3f3ae6a3cb36320d74a703b8
  original:
    hackage: qtah-cpp-qt5-0.8.0@sha256:bde73d4ebf7f118127fa1b775fb087873e6d74623dd9a004e868f87e666806f9,1519
snapshots:
- completed:
    size: 587113
    url: https://raw.githubusercontent.com/commercialhaskell/stackage-snapshots/master/lts/18/6.yaml
    sha256: f74c482d7c93739ecf3abfbc0f2dea1c20a2dfb2462c689846ed55a9653b66f7
  original: lts-18.6
